// !$*UTF8*$!
{
	archiveVersion = 1;
	classes = {
	};
	objectVersion = 56;
	objects = {

/* Begin PBXBuildFile section */
		41CA7204AE540A9DF448D126 /* Pods_Memorizelt.framework in Frameworks */ = {isa = PBXBuildFile; fileRef = 60BBCA37F83E892C6D1F2757 /* Pods_Memorizelt.framework */; };
		FA8250712C47A92D00675C7D /* Inter-ExtraLight.ttf in Resources */ = {isa = PBXBuildFile; fileRef = FA8250682C47A92D00675C7D /* Inter-ExtraLight.ttf */; };
		FA8250722C47A92D00675C7D /* Inter-SemiBold.ttf in Resources */ = {isa = PBXBuildFile; fileRef = FA8250692C47A92D00675C7D /* Inter-SemiBold.ttf */; };
		FA8250732C47A92D00675C7D /* Inter-Thin.ttf in Resources */ = {isa = PBXBuildFile; fileRef = FA82506A2C47A92D00675C7D /* Inter-Thin.ttf */; };
		FA8250742C47A92D00675C7D /* Inter-Light.ttf in Resources */ = {isa = PBXBuildFile; fileRef = FA82506B2C47A92D00675C7D /* Inter-Light.ttf */; };
		FA8250752C47A92D00675C7D /* Inter-Medium.ttf in Resources */ = {isa = PBXBuildFile; fileRef = FA82506C2C47A92D00675C7D /* Inter-Medium.ttf */; };
		FA8250762C47A92D00675C7D /* Inter-Bold.ttf in Resources */ = {isa = PBXBuildFile; fileRef = FA82506D2C47A92D00675C7D /* Inter-Bold.ttf */; };
		FA8250772C47A92D00675C7D /* Inter-Regular.ttf in Resources */ = {isa = PBXBuildFile; fileRef = FA82506E2C47A92D00675C7D /* Inter-Regular.ttf */; };
		FA8250782C47A92D00675C7D /* Inter-Black.ttf in Resources */ = {isa = PBXBuildFile; fileRef = FA82506F2C47A92D00675C7D /* Inter-Black.ttf */; };
		FA8250792C47A92D00675C7D /* Inter-ExtraBold.ttf in Resources */ = {isa = PBXBuildFile; fileRef = FA8250702C47A92D00675C7D /* Inter-ExtraBold.ttf */; };
		FA82507C2C47A96000675C7D /* Fonts.swift in Sources */ = {isa = PBXBuildFile; fileRef = FA82507B2C47A96000675C7D /* Fonts.swift */; };
		FA82507E2C47AB5600675C7D /* Cell.swift in Sources */ = {isa = PBXBuildFile; fileRef = FA82507D2C47AB5600675C7D /* Cell.swift */; };
		FAA09F812C6354E300C947E4 /* CustomTabBar.swift in Sources */ = {isa = PBXBuildFile; fileRef = FAA09F802C6354E300C947E4 /* CustomTabBar.swift */; };
		FAA2EF6E2C54C743007F8E2C /* MZSearchTextField.swift in Sources */ = {isa = PBXBuildFile; fileRef = FAA2EF6D2C54C743007F8E2C /* MZSearchTextField.swift */; };
		FAA2EF702C54E15E007F8E2C /* MZContainerView.swift in Sources */ = {isa = PBXBuildFile; fileRef = FAA2EF6F2C54E15E007F8E2C /* MZContainerView.swift */; };
		FAA2EF722C5513FF007F8E2C /* MZStackView.swift in Sources */ = {isa = PBXBuildFile; fileRef = FAA2EF712C5513FF007F8E2C /* MZStackView.swift */; };
		FAA2EF742C552004007F8E2C /* MZScrollView.swift in Sources */ = {isa = PBXBuildFile; fileRef = FAA2EF732C552004007F8E2C /* MZScrollView.swift */; };
		FAA5A04A2C53831000840F05 /* UIViewControllerExtension.swift in Sources */ = {isa = PBXBuildFile; fileRef = FAA5A0492C53831000840F05 /* UIViewControllerExtension.swift */; };
		FAA5A04C2C538B9E00840F05 /* EditDeckVC.swift in Sources */ = {isa = PBXBuildFile; fileRef = FAA5A04B2C538B9E00840F05 /* EditDeckVC.swift */; };
		FAA5A04E2C538F5800840F05 /* EditFlashcardVC.swift in Sources */ = {isa = PBXBuildFile; fileRef = FAA5A04D2C538F5800840F05 /* EditFlashcardVC.swift */; };
		FAA5A0522C53A25C00840F05 /* MZTextView.swift in Sources */ = {isa = PBXBuildFile; fileRef = FAA5A0512C53A25C00840F05 /* MZTextView.swift */; };
		FAA6CD6C2C56367100BD941A /* Colors.swift in Sources */ = {isa = PBXBuildFile; fileRef = FAA6CD6B2C56367100BD941A /* Colors.swift */; };
		FAA6CD702C5652AA00BD941A /* MZTableView.swift in Sources */ = {isa = PBXBuildFile; fileRef = FAA6CD6F2C5652AA00BD941A /* MZTableView.swift */; };
		FAA6CD722C5654BA00BD941A /* Texts.swift in Sources */ = {isa = PBXBuildFile; fileRef = FAA6CD712C5654BA00BD941A /* Texts.swift */; };
		FAA84E1B2C621D7000211AC1 /* SuccessAnimation.json in Resources */ = {isa = PBXBuildFile; fileRef = FAA84E192C621D7000211AC1 /* SuccessAnimation.json */; };
		FAA84E1C2C621D7000211AC1 /* SuccessAnimation2.json in Resources */ = {isa = PBXBuildFile; fileRef = FAA84E1A2C621D7000211AC1 /* SuccessAnimation2.json */; };
		FAA84E1F2C623AC900211AC1 /* FlashcardCount.swift in Sources */ = {isa = PBXBuildFile; fileRef = FAA84E1E2C623AC900211AC1 /* FlashcardCount.swift */; };
		FAA84E212C6256BA00211AC1 /* EditDeckCell.swift in Sources */ = {isa = PBXBuildFile; fileRef = FAA84E202C6256BA00211AC1 /* EditDeckCell.swift */; };
		FAACADFA2C4E51BF00DBB93A /* HexColor.swift in Sources */ = {isa = PBXBuildFile; fileRef = FAACADF92C4E51BF00DBB93A /* HexColor.swift */; };
		FAB0AA382C4CF1DA0049EAFD /* TabBarVC.swift in Sources */ = {isa = PBXBuildFile; fileRef = FAB0AA372C4CF1DA0049EAFD /* TabBarVC.swift */; };
		FAB0AA3A2C4CF2DA0049EAFD /* DecksVC.swift in Sources */ = {isa = PBXBuildFile; fileRef = FAB0AA392C4CF2DA0049EAFD /* DecksVC.swift */; };
		FAB0AA3C2C4CF6E40049EAFD /* AddNewCardVC.swift in Sources */ = {isa = PBXBuildFile; fileRef = FAB0AA3B2C4CF6E40049EAFD /* AddNewCardVC.swift */; };
		FAB9DC3C2C4530FC0051D754 /* AppDelegate.swift in Sources */ = {isa = PBXBuildFile; fileRef = FAB9DC3B2C4530FC0051D754 /* AppDelegate.swift */; };
		FAB9DC3E2C4530FC0051D754 /* SceneDelegate.swift in Sources */ = {isa = PBXBuildFile; fileRef = FAB9DC3D2C4530FC0051D754 /* SceneDelegate.swift */; };
		FAB9DC462C4530FC0051D754 /* Flashcard.xcdatamodeld in Sources */ = {isa = PBXBuildFile; fileRef = FAB9DC442C4530FC0051D754 /* Flashcard.xcdatamodeld */; };
		FAB9DC482C4530FE0051D754 /* Assets.xcassets in Resources */ = {isa = PBXBuildFile; fileRef = FAB9DC472C4530FE0051D754 /* Assets.xcassets */; };
		FAB9DC4B2C4530FE0051D754 /* LaunchScreen.storyboard in Resources */ = {isa = PBXBuildFile; fileRef = FAB9DC492C4530FE0051D754 /* LaunchScreen.storyboard */; };
		FAB9DC552C453E000051D754 /* HomeVC.swift in Sources */ = {isa = PBXBuildFile; fileRef = FAB9DC542C453E000051D754 /* HomeVC.swift */; };
		FAB9DC592C4541E30051D754 /* CardListCell.swift in Sources */ = {isa = PBXBuildFile; fileRef = FAB9DC582C4541E30051D754 /* CardListCell.swift */; };
		FAD6DD162C522D0900A65EA7 /* CoreDataManager.swift in Sources */ = {isa = PBXBuildFile; fileRef = FAD6DD152C522D0900A65EA7 /* CoreDataManager.swift */; };
		FAD6DD182C523C0900A65EA7 /* MZAddCardButton.swift in Sources */ = {isa = PBXBuildFile; fileRef = FAD6DD172C523C0900A65EA7 /* MZAddCardButton.swift */; };
		FAD6DD1A2C52431E00A65EA7 /* MZButton.swift in Sources */ = {isa = PBXBuildFile; fileRef = FAD6DD192C52431E00A65EA7 /* MZButton.swift */; };
		FAD6DD1C2C52449200A65EA7 /* MZImageButton.swift in Sources */ = {isa = PBXBuildFile; fileRef = FAD6DD1B2C52449200A65EA7 /* MZImageButton.swift */; };
		FAD6DD1E2C52473900A65EA7 /* MZLabel.swift in Sources */ = {isa = PBXBuildFile; fileRef = FAD6DD1D2C52473900A65EA7 /* MZLabel.swift */; };
		FAD6DD202C524F3B00A65EA7 /* CardVC.swift in Sources */ = {isa = PBXBuildFile; fileRef = FAD6DD1F2C524F3B00A65EA7 /* CardVC.swift */; };
		FAD6DD222C5266E900A65EA7 /* MZTextField.swift in Sources */ = {isa = PBXBuildFile; fileRef = FAD6DD212C5266E900A65EA7 /* MZTextField.swift */; };
		FAD6DD2A2C5295B600A65EA7 /* DeckListCell.swift in Sources */ = {isa = PBXBuildFile; fileRef = FAD6DD292C5295B600A65EA7 /* DeckListCell.swift */; };
/* End PBXBuildFile section */

/* Begin PBXFileReference section */
		60BBCA37F83E892C6D1F2757 /* Pods_Memorizelt.framework */ = {isa = PBXFileReference; explicitFileType = wrapper.framework; includeInIndex = 0; path = Pods_Memorizelt.framework; sourceTree = BUILT_PRODUCTS_DIR; };
		612378C9DA60801679ADC8CA /* Pods-Memorizelt.release.xcconfig */ = {isa = PBXFileReference; includeInIndex = 1; lastKnownFileType = text.xcconfig; name = "Pods-Memorizelt.release.xcconfig"; path = "Target Support Files/Pods-Memorizelt/Pods-Memorizelt.release.xcconfig"; sourceTree = "<group>"; };
		BA2F07060C42BB07BE7F4434 /* Pods-Memorizelt.debug.xcconfig */ = {isa = PBXFileReference; includeInIndex = 1; lastKnownFileType = text.xcconfig; name = "Pods-Memorizelt.debug.xcconfig"; path = "Target Support Files/Pods-Memorizelt/Pods-Memorizelt.debug.xcconfig"; sourceTree = "<group>"; };
		FA8250682C47A92D00675C7D /* Inter-ExtraLight.ttf */ = {isa = PBXFileReference; lastKnownFileType = file; path = "Inter-ExtraLight.ttf"; sourceTree = "<group>"; };
		FA8250692C47A92D00675C7D /* Inter-SemiBold.ttf */ = {isa = PBXFileReference; lastKnownFileType = file; path = "Inter-SemiBold.ttf"; sourceTree = "<group>"; };
		FA82506A2C47A92D00675C7D /* Inter-Thin.ttf */ = {isa = PBXFileReference; lastKnownFileType = file; path = "Inter-Thin.ttf"; sourceTree = "<group>"; };
		FA82506B2C47A92D00675C7D /* Inter-Light.ttf */ = {isa = PBXFileReference; lastKnownFileType = file; path = "Inter-Light.ttf"; sourceTree = "<group>"; };
		FA82506C2C47A92D00675C7D /* Inter-Medium.ttf */ = {isa = PBXFileReference; lastKnownFileType = file; path = "Inter-Medium.ttf"; sourceTree = "<group>"; };
		FA82506D2C47A92D00675C7D /* Inter-Bold.ttf */ = {isa = PBXFileReference; lastKnownFileType = file; path = "Inter-Bold.ttf"; sourceTree = "<group>"; };
		FA82506E2C47A92D00675C7D /* Inter-Regular.ttf */ = {isa = PBXFileReference; lastKnownFileType = file; path = "Inter-Regular.ttf"; sourceTree = "<group>"; };
		FA82506F2C47A92D00675C7D /* Inter-Black.ttf */ = {isa = PBXFileReference; lastKnownFileType = file; path = "Inter-Black.ttf"; sourceTree = "<group>"; };
		FA8250702C47A92D00675C7D /* Inter-ExtraBold.ttf */ = {isa = PBXFileReference; lastKnownFileType = file; path = "Inter-ExtraBold.ttf"; sourceTree = "<group>"; };
		FA82507B2C47A96000675C7D /* Fonts.swift */ = {isa = PBXFileReference; lastKnownFileType = sourcecode.swift; path = Fonts.swift; sourceTree = "<group>"; };
		FA82507D2C47AB5600675C7D /* Cell.swift */ = {isa = PBXFileReference; lastKnownFileType = sourcecode.swift; path = Cell.swift; sourceTree = "<group>"; };
		FAA09F802C6354E300C947E4 /* CustomTabBar.swift */ = {isa = PBXFileReference; lastKnownFileType = sourcecode.swift; path = CustomTabBar.swift; sourceTree = "<group>"; };
		FAA2EF6D2C54C743007F8E2C /* MZSearchTextField.swift */ = {isa = PBXFileReference; lastKnownFileType = sourcecode.swift; path = MZSearchTextField.swift; sourceTree = "<group>"; };
		FAA2EF6F2C54E15E007F8E2C /* MZContainerView.swift */ = {isa = PBXFileReference; lastKnownFileType = sourcecode.swift; path = MZContainerView.swift; sourceTree = "<group>"; };
		FAA2EF712C5513FF007F8E2C /* MZStackView.swift */ = {isa = PBXFileReference; lastKnownFileType = sourcecode.swift; path = MZStackView.swift; sourceTree = "<group>"; };
		FAA2EF732C552004007F8E2C /* MZScrollView.swift */ = {isa = PBXFileReference; lastKnownFileType = sourcecode.swift; path = MZScrollView.swift; sourceTree = "<group>"; };
		FAA5A0492C53831000840F05 /* UIViewControllerExtension.swift */ = {isa = PBXFileReference; lastKnownFileType = sourcecode.swift; path = UIViewControllerExtension.swift; sourceTree = "<group>"; };
		FAA5A04B2C538B9E00840F05 /* EditDeckVC.swift */ = {isa = PBXFileReference; lastKnownFileType = sourcecode.swift; path = EditDeckVC.swift; sourceTree = "<group>"; };
		FAA5A04D2C538F5800840F05 /* EditFlashcardVC.swift */ = {isa = PBXFileReference; lastKnownFileType = sourcecode.swift; path = EditFlashcardVC.swift; sourceTree = "<group>"; };
		FAA5A0512C53A25C00840F05 /* MZTextView.swift */ = {isa = PBXFileReference; lastKnownFileType = sourcecode.swift; path = MZTextView.swift; sourceTree = "<group>"; };
		FAA6CD6B2C56367100BD941A /* Colors.swift */ = {isa = PBXFileReference; lastKnownFileType = sourcecode.swift; path = Colors.swift; sourceTree = "<group>"; };
		FAA6CD6F2C5652AA00BD941A /* MZTableView.swift */ = {isa = PBXFileReference; lastKnownFileType = sourcecode.swift; path = MZTableView.swift; sourceTree = "<group>"; };
		FAA6CD712C5654BA00BD941A /* Texts.swift */ = {isa = PBXFileReference; lastKnownFileType = sourcecode.swift; path = Texts.swift; sourceTree = "<group>"; };
		FAA84E192C621D7000211AC1 /* SuccessAnimation.json */ = {isa = PBXFileReference; fileEncoding = 4; lastKnownFileType = text.json; path = SuccessAnimation.json; sourceTree = "<group>"; };
		FAA84E1A2C621D7000211AC1 /* SuccessAnimation2.json */ = {isa = PBXFileReference; fileEncoding = 4; lastKnownFileType = text.json; path = SuccessAnimation2.json; sourceTree = "<group>"; };
		FAA84E1E2C623AC900211AC1 /* FlashcardCount.swift */ = {isa = PBXFileReference; lastKnownFileType = sourcecode.swift; path = FlashcardCount.swift; sourceTree = "<group>"; };
		FAA84E202C6256BA00211AC1 /* EditDeckCell.swift */ = {isa = PBXFileReference; lastKnownFileType = sourcecode.swift; path = EditDeckCell.swift; sourceTree = "<group>"; };
		FAACADF92C4E51BF00DBB93A /* HexColor.swift */ = {isa = PBXFileReference; lastKnownFileType = sourcecode.swift; path = HexColor.swift; sourceTree = "<group>"; };
		FAB0AA372C4CF1DA0049EAFD /* TabBarVC.swift */ = {isa = PBXFileReference; lastKnownFileType = sourcecode.swift; path = TabBarVC.swift; sourceTree = "<group>"; };
		FAB0AA392C4CF2DA0049EAFD /* DecksVC.swift */ = {isa = PBXFileReference; lastKnownFileType = sourcecode.swift; path = DecksVC.swift; sourceTree = "<group>"; };
		FAB0AA3B2C4CF6E40049EAFD /* AddNewCardVC.swift */ = {isa = PBXFileReference; lastKnownFileType = sourcecode.swift; path = AddNewCardVC.swift; sourceTree = "<group>"; };
		FAB9DC382C4530FC0051D754 /* Memorizelt.app */ = {isa = PBXFileReference; explicitFileType = wrapper.application; includeInIndex = 0; path = Memorizelt.app; sourceTree = BUILT_PRODUCTS_DIR; };
		FAB9DC3B2C4530FC0051D754 /* AppDelegate.swift */ = {isa = PBXFileReference; lastKnownFileType = sourcecode.swift; path = AppDelegate.swift; sourceTree = "<group>"; };
		FAB9DC3D2C4530FC0051D754 /* SceneDelegate.swift */ = {isa = PBXFileReference; lastKnownFileType = sourcecode.swift; path = SceneDelegate.swift; sourceTree = "<group>"; };
		FAB9DC452C4530FC0051D754 /* Memorizelt.xcdatamodel */ = {isa = PBXFileReference; lastKnownFileType = wrapper.xcdatamodel; path = Memorizelt.xcdatamodel; sourceTree = "<group>"; };
		FAB9DC472C4530FE0051D754 /* Assets.xcassets */ = {isa = PBXFileReference; lastKnownFileType = folder.assetcatalog; path = Assets.xcassets; sourceTree = "<group>"; };
		FAB9DC4A2C4530FE0051D754 /* Base */ = {isa = PBXFileReference; lastKnownFileType = file.storyboard; name = Base; path = Base.lproj/LaunchScreen.storyboard; sourceTree = "<group>"; };
		FAB9DC4C2C4530FE0051D754 /* Info.plist */ = {isa = PBXFileReference; lastKnownFileType = text.plist.xml; path = Info.plist; sourceTree = "<group>"; };
		FAB9DC542C453E000051D754 /* HomeVC.swift */ = {isa = PBXFileReference; lastKnownFileType = sourcecode.swift; path = HomeVC.swift; sourceTree = "<group>"; };
		FAB9DC582C4541E30051D754 /* CardListCell.swift */ = {isa = PBXFileReference; lastKnownFileType = sourcecode.swift; path = CardListCell.swift; sourceTree = "<group>"; };
		FAD6DD152C522D0900A65EA7 /* CoreDataManager.swift */ = {isa = PBXFileReference; lastKnownFileType = sourcecode.swift; path = CoreDataManager.swift; sourceTree = "<group>"; };
		FAD6DD172C523C0900A65EA7 /* MZAddCardButton.swift */ = {isa = PBXFileReference; lastKnownFileType = sourcecode.swift; path = MZAddCardButton.swift; sourceTree = "<group>"; };
		FAD6DD192C52431E00A65EA7 /* MZButton.swift */ = {isa = PBXFileReference; lastKnownFileType = sourcecode.swift; path = MZButton.swift; sourceTree = "<group>"; };
		FAD6DD1B2C52449200A65EA7 /* MZImageButton.swift */ = {isa = PBXFileReference; lastKnownFileType = sourcecode.swift; path = MZImageButton.swift; sourceTree = "<group>"; };
		FAD6DD1D2C52473900A65EA7 /* MZLabel.swift */ = {isa = PBXFileReference; lastKnownFileType = sourcecode.swift; path = MZLabel.swift; sourceTree = "<group>"; };
		FAD6DD1F2C524F3B00A65EA7 /* CardVC.swift */ = {isa = PBXFileReference; fileEncoding = 4; lastKnownFileType = sourcecode.swift; path = CardVC.swift; sourceTree = "<group>"; };
		FAD6DD212C5266E900A65EA7 /* MZTextField.swift */ = {isa = PBXFileReference; lastKnownFileType = sourcecode.swift; path = MZTextField.swift; sourceTree = "<group>"; };
		FAD6DD292C5295B600A65EA7 /* DeckListCell.swift */ = {isa = PBXFileReference; lastKnownFileType = sourcecode.swift; path = DeckListCell.swift; sourceTree = "<group>"; };
/* End PBXFileReference section */

/* Begin PBXFrameworksBuildPhase section */
		FAB9DC352C4530FC0051D754 /* Frameworks */ = {
			isa = PBXFrameworksBuildPhase;
			buildActionMask = 2147483647;
			files = (
				41CA7204AE540A9DF448D126 /* Pods_Memorizelt.framework in Frameworks */,
			);
			runOnlyForDeploymentPostprocessing = 0;
		};
/* End PBXFrameworksBuildPhase section */

/* Begin PBXGroup section */
		009BADB7736D5FE9B9E14225 /* Frameworks */ = {
			isa = PBXGroup;
			children = (
				60BBCA37F83E892C6D1F2757 /* Pods_Memorizelt.framework */,
			);
			name = Frameworks;
			sourceTree = "<group>";
		};
		7390339CA5F42C28C72A827F /* Pods */ = {
			isa = PBXGroup;
			children = (
				BA2F07060C42BB07BE7F4434 /* Pods-Memorizelt.debug.xcconfig */,
				612378C9DA60801679ADC8CA /* Pods-Memorizelt.release.xcconfig */,
			);
			path = Pods;
			sourceTree = "<group>";
		};
		FA8250672C47A8CB00675C7D /* Fonts */ = {
			isa = PBXGroup;
			children = (
				FA82506F2C47A92D00675C7D /* Inter-Black.ttf */,
				FA82506D2C47A92D00675C7D /* Inter-Bold.ttf */,
				FA8250702C47A92D00675C7D /* Inter-ExtraBold.ttf */,
				FA8250682C47A92D00675C7D /* Inter-ExtraLight.ttf */,
				FA82506B2C47A92D00675C7D /* Inter-Light.ttf */,
				FA82506C2C47A92D00675C7D /* Inter-Medium.ttf */,
				FA82506E2C47A92D00675C7D /* Inter-Regular.ttf */,
				FA8250692C47A92D00675C7D /* Inter-SemiBold.ttf */,
				FA82506A2C47A92D00675C7D /* Inter-Thin.ttf */,
			);
			path = Fonts;
			sourceTree = "<group>";
		};
		FA82507A2C47A95200675C7D /* Constants */ = {
			isa = PBXGroup;
			children = (
				FA82507B2C47A96000675C7D /* Fonts.swift */,
				FA82507D2C47AB5600675C7D /* Cell.swift */,
				FAA6CD6B2C56367100BD941A /* Colors.swift */,
				FAA6CD712C5654BA00BD941A /* Texts.swift */,
			);
			path = Constants;
			sourceTree = "<group>";
		};
		FAA6CD6D2C56527100BD941A /* Core */ = {
			isa = PBXGroup;
			children = (
				FAA09F802C6354E300C947E4 /* CustomTabBar.swift */,
				FAB0AA372C4CF1DA0049EAFD /* TabBarVC.swift */,
				FAB9DC542C453E000051D754 /* HomeVC.swift */,
				FAB0AA392C4CF2DA0049EAFD /* DecksVC.swift */,
			);
			path = Core;
			sourceTree = "<group>";
		};
		FAA6CD6E2C56528000BD941A /* General */ = {
			isa = PBXGroup;
			children = (
				FAB0AA3B2C4CF6E40049EAFD /* AddNewCardVC.swift */,
				FAD6DD1F2C524F3B00A65EA7 /* CardVC.swift */,
				FAA5A04B2C538B9E00840F05 /* EditDeckVC.swift */,
				FAA5A04D2C538F5800840F05 /* EditFlashcardVC.swift */,
			);
			path = General;
			sourceTree = "<group>";
		};
		FAA84E182C621D3800211AC1 /* Animations */ = {
			isa = PBXGroup;
			children = (
				FAA84E192C621D7000211AC1 /* SuccessAnimation.json */,
				FAA84E1A2C621D7000211AC1 /* SuccessAnimation2.json */,
			);
			path = Animations;
			sourceTree = "<group>";
		};
		FAA84E1D2C623A9D00211AC1 /* Models */ = {
			isa = PBXGroup;
			children = (
				FAA84E1E2C623AC900211AC1 /* FlashcardCount.swift */,
			);
			path = Models;
			sourceTree = "<group>";
		};
		FAACADF82C4E51B000DBB93A /* Extensions */ = {
			isa = PBXGroup;
			children = (
				FAACADF92C4E51BF00DBB93A /* HexColor.swift */,
				FAA5A0492C53831000840F05 /* UIViewControllerExtension.swift */,
			);
			path = Extensions;
			sourceTree = "<group>";
		};
		FAB0AA3D2C4D149D0049EAFD /* Screens */ = {
			isa = PBXGroup;
			children = (
				FAA6CD6E2C56528000BD941A /* General */,
				FAA6CD6D2C56527100BD941A /* Core */,
			);
			path = Screens;
			sourceTree = "<group>";
		};
		FAB0AA3E2C4D14E10049EAFD /* Support */ = {
			isa = PBXGroup;
			children = (
				FAB9DC472C4530FE0051D754 /* Assets.xcassets */,
				FAB0AA402C4D150F0049EAFD /* Base */,
				FAB9DC3B2C4530FC0051D754 /* AppDelegate.swift */,
				FAB9DC3D2C4530FC0051D754 /* SceneDelegate.swift */,
			);
			path = Support;
			sourceTree = "<group>";
		};
		FAB0AA3F2C4D14EB0049EAFD /* Utilities */ = {
			isa = PBXGroup;
			children = (
				FAA84E182C621D3800211AC1 /* Animations */,
				FAACADF82C4E51B000DBB93A /* Extensions */,
				FA8250672C47A8CB00675C7D /* Fonts */,
				FA82507A2C47A95200675C7D /* Constants */,
			);
			path = Utilities;
			sourceTree = "<group>";
		};
		FAB0AA402C4D150F0049EAFD /* Base */ = {
			isa = PBXGroup;
			children = (
				FAB9DC492C4530FE0051D754 /* LaunchScreen.storyboard */,
			);
			path = Base;
			sourceTree = "<group>";
		};
		FAB0AA412C4D15320049EAFD /* CustomViews */ = {
			isa = PBXGroup;
			children = (
				FAB0AA422C4D15380049EAFD /* Cells */,
				FAD6DD172C523C0900A65EA7 /* MZAddCardButton.swift */,
				FAD6DD192C52431E00A65EA7 /* MZButton.swift */,
				FAD6DD1B2C52449200A65EA7 /* MZImageButton.swift */,
				FAD6DD1D2C52473900A65EA7 /* MZLabel.swift */,
				FAD6DD212C5266E900A65EA7 /* MZTextField.swift */,
				FAA5A0512C53A25C00840F05 /* MZTextView.swift */,
				FAA2EF6D2C54C743007F8E2C /* MZSearchTextField.swift */,
				FAA2EF6F2C54E15E007F8E2C /* MZContainerView.swift */,
				FAA2EF712C5513FF007F8E2C /* MZStackView.swift */,
				FAA2EF732C552004007F8E2C /* MZScrollView.swift */,
				FAA6CD6F2C5652AA00BD941A /* MZTableView.swift */,
			);
			path = CustomViews;
			sourceTree = "<group>";
		};
		FAB0AA422C4D15380049EAFD /* Cells */ = {
			isa = PBXGroup;
			children = (
				FAB9DC582C4541E30051D754 /* CardListCell.swift */,
				FAD6DD292C5295B600A65EA7 /* DeckListCell.swift */,
				FAA84E202C6256BA00211AC1 /* EditDeckCell.swift */,
			);
			path = Cells;
			sourceTree = "<group>";
		};
		FAB9DC2F2C4530FC0051D754 = {
			isa = PBXGroup;
			children = (
				FAB9DC3A2C4530FC0051D754 /* Memorizelt */,
				FAB9DC392C4530FC0051D754 /* Products */,
				7390339CA5F42C28C72A827F /* Pods */,
				009BADB7736D5FE9B9E14225 /* Frameworks */,
			);
			sourceTree = "<group>";
		};
		FAB9DC392C4530FC0051D754 /* Products */ = {
			isa = PBXGroup;
			children = (
				FAB9DC382C4530FC0051D754 /* Memorizelt.app */,
			);
			name = Products;
			sourceTree = "<group>";
		};
		FAB9DC3A2C4530FC0051D754 /* Memorizelt */ = {
			isa = PBXGroup;
			children = (
				FAA84E1D2C623A9D00211AC1 /* Models */,
				FAD6DD142C522CF900A65EA7 /* Manager */,
				FAB0AA412C4D15320049EAFD /* CustomViews */,
				FAB0AA3F2C4D14EB0049EAFD /* Utilities */,
				FAB0AA3E2C4D14E10049EAFD /* Support */,
				FAB0AA3D2C4D149D0049EAFD /* Screens */,
				FAB9DC4C2C4530FE0051D754 /* Info.plist */,
				FAB9DC442C4530FC0051D754 /* Flashcard.xcdatamodeld */,
			);
			path = Memorizelt;
			sourceTree = "<group>";
		};
		FAD6DD142C522CF900A65EA7 /* Manager */ = {
			isa = PBXGroup;
			children = (
				FAD6DD152C522D0900A65EA7 /* CoreDataManager.swift */,
			);
			path = Manager;
			sourceTree = "<group>";
		};
/* End PBXGroup section */

/* Begin PBXNativeTarget section */
		FAB9DC372C4530FC0051D754 /* Memorizelt */ = {
			isa = PBXNativeTarget;
			buildConfigurationList = FAB9DC4F2C4530FE0051D754 /* Build configuration list for PBXNativeTarget "Memorizelt" */;
			buildPhases = (
				EC844AF080989A8FBF6EA39E /* [CP] Check Pods Manifest.lock */,
				FAB9DC342C4530FC0051D754 /* Sources */,
				FAB9DC352C4530FC0051D754 /* Frameworks */,
				FAB9DC362C4530FC0051D754 /* Resources */,
				5FCDB7F58D2D6215BEF35126 /* [CP] Embed Pods Frameworks */,
			);
			buildRules = (
			);
			dependencies = (
			);
			name = Memorizelt;
			productName = Memorizelt;
			productReference = FAB9DC382C4530FC0051D754 /* Memorizelt.app */;
			productType = "com.apple.product-type.application";
		};
/* End PBXNativeTarget section */

/* Begin PBXProject section */
		FAB9DC302C4530FC0051D754 /* Project object */ = {
			isa = PBXProject;
			attributes = {
				BuildIndependentTargetsInParallel = 1;
				LastSwiftUpdateCheck = 1420;
				LastUpgradeCheck = 1420;
				TargetAttributes = {
					FAB9DC372C4530FC0051D754 = {
						CreatedOnToolsVersion = 14.2;
					};
				};
			};
			buildConfigurationList = FAB9DC332C4530FC0051D754 /* Build configuration list for PBXProject "Memorizelt" */;
			compatibilityVersion = "Xcode 14.0";
			developmentRegion = en;
			hasScannedForEncodings = 0;
			knownRegions = (
				en,
				Base,
			);
			mainGroup = FAB9DC2F2C4530FC0051D754;
			productRefGroup = FAB9DC392C4530FC0051D754 /* Products */;
			projectDirPath = "";
			projectRoot = "";
			targets = (
				FAB9DC372C4530FC0051D754 /* Memorizelt */,
			);
		};
/* End PBXProject section */

/* Begin PBXResourcesBuildPhase section */
		FAB9DC362C4530FC0051D754 /* Resources */ = {
			isa = PBXResourcesBuildPhase;
			buildActionMask = 2147483647;
			files = (
				FA8250722C47A92D00675C7D /* Inter-SemiBold.ttf in Resources */,
				FA8250792C47A92D00675C7D /* Inter-ExtraBold.ttf in Resources */,
				FA8250772C47A92D00675C7D /* Inter-Regular.ttf in Resources */,
				FAB9DC4B2C4530FE0051D754 /* LaunchScreen.storyboard in Resources */,
				FA8250762C47A92D00675C7D /* Inter-Bold.ttf in Resources */,
				FA8250712C47A92D00675C7D /* Inter-ExtraLight.ttf in Resources */,
				FA8250732C47A92D00675C7D /* Inter-Thin.ttf in Resources */,
				FA8250752C47A92D00675C7D /* Inter-Medium.ttf in Resources */,
				FA8250782C47A92D00675C7D /* Inter-Black.ttf in Resources */,
				FA8250742C47A92D00675C7D /* Inter-Light.ttf in Resources */,
				FAA84E1B2C621D7000211AC1 /* SuccessAnimation.json in Resources */,
				FAA84E1C2C621D7000211AC1 /* SuccessAnimation2.json in Resources */,
				FAB9DC482C4530FE0051D754 /* Assets.xcassets in Resources */,
			);
			runOnlyForDeploymentPostprocessing = 0;
		};
/* End PBXResourcesBuildPhase section */

/* Begin PBXShellScriptBuildPhase section */
		5FCDB7F58D2D6215BEF35126 /* [CP] Embed Pods Frameworks */ = {
			isa = PBXShellScriptBuildPhase;
			buildActionMask = 2147483647;
			files = (
			);
			inputFileListPaths = (
				"${PODS_ROOT}/Target Support Files/Pods-Memorizelt/Pods-Memorizelt-frameworks-${CONFIGURATION}-input-files.xcfilelist",
			);
			name = "[CP] Embed Pods Frameworks";
			outputFileListPaths = (
				"${PODS_ROOT}/Target Support Files/Pods-Memorizelt/Pods-Memorizelt-frameworks-${CONFIGURATION}-output-files.xcfilelist",
			);
			runOnlyForDeploymentPostprocessing = 0;
			shellPath = /bin/sh;
			shellScript = "\"${PODS_ROOT}/Target Support Files/Pods-Memorizelt/Pods-Memorizelt-frameworks.sh\"\n";
			showEnvVarsInLog = 0;
		};
		EC844AF080989A8FBF6EA39E /* [CP] Check Pods Manifest.lock */ = {
			isa = PBXShellScriptBuildPhase;
			buildActionMask = 2147483647;
			files = (
			);
			inputFileListPaths = (
			);
			inputPaths = (
				"${PODS_PODFILE_DIR_PATH}/Podfile.lock",
				"${PODS_ROOT}/Manifest.lock",
			);
			name = "[CP] Check Pods Manifest.lock";
			outputFileListPaths = (
			);
			outputPaths = (
				"$(DERIVED_FILE_DIR)/Pods-Memorizelt-checkManifestLockResult.txt",
			);
			runOnlyForDeploymentPostprocessing = 0;
			shellPath = /bin/sh;
			shellScript = "diff \"${PODS_PODFILE_DIR_PATH}/Podfile.lock\" \"${PODS_ROOT}/Manifest.lock\" > /dev/null\nif [ $? != 0 ] ; then\n    # print error to STDERR\n    echo \"error: The sandbox is not in sync with the Podfile.lock. Run 'pod install' or update your CocoaPods installation.\" >&2\n    exit 1\nfi\n# This output is used by Xcode 'outputs' to avoid re-running this script phase.\necho \"SUCCESS\" > \"${SCRIPT_OUTPUT_FILE_0}\"\n";
			showEnvVarsInLog = 0;
		};
/* End PBXShellScriptBuildPhase section */

/* Begin PBXSourcesBuildPhase section */
		FAB9DC342C4530FC0051D754 /* Sources */ = {
			isa = PBXSourcesBuildPhase;
			buildActionMask = 2147483647;
			files = (
				FAD6DD182C523C0900A65EA7 /* MZAddCardButton.swift in Sources */,
				FAA5A04E2C538F5800840F05 /* EditFlashcardVC.swift in Sources */,
				FAB9DC3C2C4530FC0051D754 /* AppDelegate.swift in Sources */,
				FAD6DD202C524F3B00A65EA7 /* CardVC.swift in Sources */,
				FAD6DD1E2C52473900A65EA7 /* MZLabel.swift in Sources */,
				FAACADFA2C4E51BF00DBB93A /* HexColor.swift in Sources */,
				FAA5A04C2C538B9E00840F05 /* EditDeckVC.swift in Sources */,
				FAA6CD702C5652AA00BD941A /* MZTableView.swift in Sources */,
				FAA2EF742C552004007F8E2C /* MZScrollView.swift in Sources */,
				FAB9DC3E2C4530FC0051D754 /* SceneDelegate.swift in Sources */,
				FAA84E212C6256BA00211AC1 /* EditDeckCell.swift in Sources */,
				FAA2EF6E2C54C743007F8E2C /* MZSearchTextField.swift in Sources */,
				FAD6DD1C2C52449200A65EA7 /* MZImageButton.swift in Sources */,
				FAD6DD1A2C52431E00A65EA7 /* MZButton.swift in Sources */,
				FA82507C2C47A96000675C7D /* Fonts.swift in Sources */,
				FAA2EF702C54E15E007F8E2C /* MZContainerView.swift in Sources */,
				FAB0AA382C4CF1DA0049EAFD /* TabBarVC.swift in Sources */,
				FAB9DC592C4541E30051D754 /* CardListCell.swift in Sources */,
				FAD6DD2A2C5295B600A65EA7 /* DeckListCell.swift in Sources */,
				FAA6CD722C5654BA00BD941A /* Texts.swift in Sources */,
				FAA6CD6C2C56367100BD941A /* Colors.swift in Sources */,
				FAA5A04A2C53831000840F05 /* UIViewControllerExtension.swift in Sources */,
				FAD6DD162C522D0900A65EA7 /* CoreDataManager.swift in Sources */,
				FAA2EF722C5513FF007F8E2C /* MZStackView.swift in Sources */,
				FA82507E2C47AB5600675C7D /* Cell.swift in Sources */,
				FAA09F812C6354E300C947E4 /* CustomTabBar.swift in Sources */,
				FAA5A0522C53A25C00840F05 /* MZTextView.swift in Sources */,
				FAB0AA3C2C4CF6E40049EAFD /* AddNewCardVC.swift in Sources */,
				FAB9DC552C453E000051D754 /* HomeVC.swift in Sources */,
				FAB9DC462C4530FC0051D754 /* Flashcard.xcdatamodeld in Sources */,
				FAD6DD222C5266E900A65EA7 /* MZTextField.swift in Sources */,
				FAA84E1F2C623AC900211AC1 /* FlashcardCount.swift in Sources */,
				FAB0AA3A2C4CF2DA0049EAFD /* DecksVC.swift in Sources */,
			);
			runOnlyForDeploymentPostprocessing = 0;
		};
/* End PBXSourcesBuildPhase section */

/* Begin PBXVariantGroup section */
		FAB9DC492C4530FE0051D754 /* LaunchScreen.storyboard */ = {
			isa = PBXVariantGroup;
			children = (
				FAB9DC4A2C4530FE0051D754 /* Base */,
			);
			name = LaunchScreen.storyboard;
			sourceTree = "<group>";
		};
/* End PBXVariantGroup section */

/* Begin XCBuildConfiguration section */
		FAB9DC4D2C4530FE0051D754 /* Debug */ = {
			isa = XCBuildConfiguration;
			buildSettings = {
				ALWAYS_SEARCH_USER_PATHS = NO;
				CLANG_ANALYZER_NONNULL = YES;
				CLANG_ANALYZER_NUMBER_OBJECT_CONVERSION = YES_AGGRESSIVE;
				CLANG_CXX_LANGUAGE_STANDARD = "gnu++20";
				CLANG_ENABLE_MODULES = YES;
				CLANG_ENABLE_OBJC_ARC = YES;
				CLANG_ENABLE_OBJC_WEAK = YES;
				CLANG_WARN_BLOCK_CAPTURE_AUTORELEASING = YES;
				CLANG_WARN_BOOL_CONVERSION = YES;
				CLANG_WARN_COMMA = YES;
				CLANG_WARN_CONSTANT_CONVERSION = YES;
				CLANG_WARN_DEPRECATED_OBJC_IMPLEMENTATIONS = YES;
				CLANG_WARN_DIRECT_OBJC_ISA_USAGE = YES_ERROR;
				CLANG_WARN_DOCUMENTATION_COMMENTS = YES;
				CLANG_WARN_EMPTY_BODY = YES;
				CLANG_WARN_ENUM_CONVERSION = YES;
				CLANG_WARN_INFINITE_RECURSION = YES;
				CLANG_WARN_INT_CONVERSION = YES;
				CLANG_WARN_NON_LITERAL_NULL_CONVERSION = YES;
				CLANG_WARN_OBJC_IMPLICIT_RETAIN_SELF = YES;
				CLANG_WARN_OBJC_LITERAL_CONVERSION = YES;
				CLANG_WARN_OBJC_ROOT_CLASS = YES_ERROR;
				CLANG_WARN_QUOTED_INCLUDE_IN_FRAMEWORK_HEADER = YES;
				CLANG_WARN_RANGE_LOOP_ANALYSIS = YES;
				CLANG_WARN_STRICT_PROTOTYPES = YES;
				CLANG_WARN_SUSPICIOUS_MOVE = YES;
				CLANG_WARN_UNGUARDED_AVAILABILITY = YES_AGGRESSIVE;
				CLANG_WARN_UNREACHABLE_CODE = YES;
				CLANG_WARN__DUPLICATE_METHOD_MATCH = YES;
				COPY_PHASE_STRIP = NO;
				DEBUG_INFORMATION_FORMAT = dwarf;
				ENABLE_STRICT_OBJC_MSGSEND = YES;
				ENABLE_TESTABILITY = YES;
				GCC_C_LANGUAGE_STANDARD = gnu11;
				GCC_DYNAMIC_NO_PIC = NO;
				GCC_NO_COMMON_BLOCKS = YES;
				GCC_OPTIMIZATION_LEVEL = 0;
				GCC_PREPROCESSOR_DEFINITIONS = (
					"DEBUG=1",
					"$(inherited)",
				);
				GCC_WARN_64_TO_32_BIT_CONVERSION = YES;
				GCC_WARN_ABOUT_RETURN_TYPE = YES_ERROR;
				GCC_WARN_UNDECLARED_SELECTOR = YES;
				GCC_WARN_UNINITIALIZED_AUTOS = YES_AGGRESSIVE;
				GCC_WARN_UNUSED_FUNCTION = YES;
				GCC_WARN_UNUSED_VARIABLE = YES;
				IPHONEOS_DEPLOYMENT_TARGET = 16.2;
				MTL_ENABLE_DEBUG_INFO = INCLUDE_SOURCE;
				MTL_FAST_MATH = YES;
				ONLY_ACTIVE_ARCH = YES;
				SDKROOT = iphoneos;
				SWIFT_ACTIVE_COMPILATION_CONDITIONS = DEBUG;
				SWIFT_OPTIMIZATION_LEVEL = "-Onone";
			};
			name = Debug;
		};
		FAB9DC4E2C4530FE0051D754 /* Release */ = {
			isa = XCBuildConfiguration;
			buildSettings = {
				ALWAYS_SEARCH_USER_PATHS = NO;
				CLANG_ANALYZER_NONNULL = YES;
				CLANG_ANALYZER_NUMBER_OBJECT_CONVERSION = YES_AGGRESSIVE;
				CLANG_CXX_LANGUAGE_STANDARD = "gnu++20";
				CLANG_ENABLE_MODULES = YES;
				CLANG_ENABLE_OBJC_ARC = YES;
				CLANG_ENABLE_OBJC_WEAK = YES;
				CLANG_WARN_BLOCK_CAPTURE_AUTORELEASING = YES;
				CLANG_WARN_BOOL_CONVERSION = YES;
				CLANG_WARN_COMMA = YES;
				CLANG_WARN_CONSTANT_CONVERSION = YES;
				CLANG_WARN_DEPRECATED_OBJC_IMPLEMENTATIONS = YES;
				CLANG_WARN_DIRECT_OBJC_ISA_USAGE = YES_ERROR;
				CLANG_WARN_DOCUMENTATION_COMMENTS = YES;
				CLANG_WARN_EMPTY_BODY = YES;
				CLANG_WARN_ENUM_CONVERSION = YES;
				CLANG_WARN_INFINITE_RECURSION = YES;
				CLANG_WARN_INT_CONVERSION = YES;
				CLANG_WARN_NON_LITERAL_NULL_CONVERSION = YES;
				CLANG_WARN_OBJC_IMPLICIT_RETAIN_SELF = YES;
				CLANG_WARN_OBJC_LITERAL_CONVERSION = YES;
				CLANG_WARN_OBJC_ROOT_CLASS = YES_ERROR;
				CLANG_WARN_QUOTED_INCLUDE_IN_FRAMEWORK_HEADER = YES;
				CLANG_WARN_RANGE_LOOP_ANALYSIS = YES;
				CLANG_WARN_STRICT_PROTOTYPES = YES;
				CLANG_WARN_SUSPICIOUS_MOVE = YES;
				CLANG_WARN_UNGUARDED_AVAILABILITY = YES_AGGRESSIVE;
				CLANG_WARN_UNREACHABLE_CODE = YES;
				CLANG_WARN__DUPLICATE_METHOD_MATCH = YES;
				COPY_PHASE_STRIP = NO;
				DEBUG_INFORMATION_FORMAT = "dwarf-with-dsym";
				ENABLE_NS_ASSERTIONS = NO;
				ENABLE_STRICT_OBJC_MSGSEND = YES;
				GCC_C_LANGUAGE_STANDARD = gnu11;
				GCC_NO_COMMON_BLOCKS = YES;
				GCC_WARN_64_TO_32_BIT_CONVERSION = YES;
				GCC_WARN_ABOUT_RETURN_TYPE = YES_ERROR;
				GCC_WARN_UNDECLARED_SELECTOR = YES;
				GCC_WARN_UNINITIALIZED_AUTOS = YES_AGGRESSIVE;
				GCC_WARN_UNUSED_FUNCTION = YES;
				GCC_WARN_UNUSED_VARIABLE = YES;
				IPHONEOS_DEPLOYMENT_TARGET = 16.2;
				MTL_ENABLE_DEBUG_INFO = NO;
				MTL_FAST_MATH = YES;
				SDKROOT = iphoneos;
				SWIFT_COMPILATION_MODE = wholemodule;
				SWIFT_OPTIMIZATION_LEVEL = "-O";
				VALIDATE_PRODUCT = YES;
			};
			name = Release;
		};
		FAB9DC502C4530FE0051D754 /* Debug */ = {
			isa = XCBuildConfiguration;
			baseConfigurationReference = BA2F07060C42BB07BE7F4434 /* Pods-Memorizelt.debug.xcconfig */;
			buildSettings = {
				ASSETCATALOG_COMPILER_APPICON_NAME = AppIcon;
				ASSETCATALOG_COMPILER_GLOBAL_ACCENT_COLOR_NAME = AccentColor;
				CODE_SIGN_STYLE = Automatic;
				CURRENT_PROJECT_VERSION = 1;
				DEVELOPMENT_TEAM = T8B4RZKP3U;
				GENERATE_INFOPLIST_FILE = YES;
				INFOPLIST_FILE = Memorizelt/Info.plist;
				INFOPLIST_KEY_UIApplicationSupportsIndirectInputEvents = YES;
				INFOPLIST_KEY_UILaunchStoryboardName = LaunchScreen;
				INFOPLIST_KEY_UIMainStoryboardFile = "";
				INFOPLIST_KEY_UISupportedInterfaceOrientations = UIInterfaceOrientationPortrait;
				IPHONEOS_DEPLOYMENT_TARGET = 16.0;
				LD_RUNPATH_SEARCH_PATHS = (
					"$(inherited)",
					"@executable_path/Frameworks",
				);
				MARKETING_VERSION = 1.0;
				PRODUCT_BUNDLE_IDENTIFIER = mutluclkn.Memorizelt;
				PRODUCT_NAME = "$(TARGET_NAME)";
				SWIFT_EMIT_LOC_STRINGS = YES;
				SWIFT_VERSION = 5.0;
				TARGETED_DEVICE_FAMILY = "1,2";
			};
			name = Debug;
		};
		FAB9DC512C4530FE0051D754 /* Release */ = {
			isa = XCBuildConfiguration;
			baseConfigurationReference = 612378C9DA60801679ADC8CA /* Pods-Memorizelt.release.xcconfig */;
			buildSettings = {
				ASSETCATALOG_COMPILER_APPICON_NAME = AppIcon;
				ASSETCATALOG_COMPILER_GLOBAL_ACCENT_COLOR_NAME = AccentColor;
				CODE_SIGN_STYLE = Automatic;
				CURRENT_PROJECT_VERSION = 1;
				DEVELOPMENT_TEAM = T8B4RZKP3U;
				GENERATE_INFOPLIST_FILE = YES;
				INFOPLIST_FILE = Memorizelt/Info.plist;
				INFOPLIST_KEY_UIApplicationSupportsIndirectInputEvents = YES;
				INFOPLIST_KEY_UILaunchStoryboardName = LaunchScreen;
				INFOPLIST_KEY_UIMainStoryboardFile = "";
				INFOPLIST_KEY_UISupportedInterfaceOrientations = UIInterfaceOrientationPortrait;
				IPHONEOS_DEPLOYMENT_TARGET = 16.0;
				LD_RUNPATH_SEARCH_PATHS = (
					"$(inherited)",
					"@executable_path/Frameworks",
				);
				MARKETING_VERSION = 1.0;
				PRODUCT_BUNDLE_IDENTIFIER = mutluclkn.Memorizelt;
				PRODUCT_NAME = "$(TARGET_NAME)";
				SWIFT_EMIT_LOC_STRINGS = YES;
				SWIFT_VERSION = 5.0;
				TARGETED_DEVICE_FAMILY = "1,2";
			};
			name = Release;
		};
/* End XCBuildConfiguration section */

/* Begin XCConfigurationList section */
		FAB9DC332C4530FC0051D754 /* Build configuration list for PBXProject "Memorizelt" */ = {
			isa = XCConfigurationList;
			buildConfigurations = (
				FAB9DC4D2C4530FE0051D754 /* Debug */,
				FAB9DC4E2C4530FE0051D754 /* Release */,
			);
			defaultConfigurationIsVisible = 0;
			defaultConfigurationName = Release;
		};
		FAB9DC4F2C4530FE0051D754 /* Build configuration list for PBXNativeTarget "Memorizelt" */ = {
			isa = XCConfigurationList;
			buildConfigurations = (
				FAB9DC502C4530FE0051D754 /* Debug */,
				FAB9DC512C4530FE0051D754 /* Release */,
			);
			defaultConfigurationIsVisible = 0;
			defaultConfigurationName = Release;
		};
/* End XCConfigurationList section */

/* Begin XCVersionGroup section */
		FAB9DC442C4530FC0051D754 /* Flashcard.xcdatamodeld */ = {
			isa = XCVersionGroup;
			children = (
				FAB9DC452C4530FC0051D754 /* Memorizelt.xcdatamodel */,
			);
			currentVersion = FAB9DC452C4530FC0051D754 /* Memorizelt.xcdatamodel */;
			path = Flashcard.xcdatamodeld;
			sourceTree = "<group>";
			versionGroupType = wrapper.xcdatamodel;
		};
/* End XCVersionGroup section */
	};
	rootObject = FAB9DC302C4530FC0051D754 /* Project object */;
}
